// !$*UTF8*$!
{
	archiveVersion = 1;
	classes = {
	};
	objectVersion = 50;
	objects = {

/* Begin PBXBuildFile section */
		1995CD2521A33927006774F0 /* AppDelegate.swift in Sources */ = {isa = PBXBuildFile; fileRef = 1995CD2421A33927006774F0 /* AppDelegate.swift */; };
		1995CD2C21A33928006774F0 /* Assets.xcassets in Resources */ = {isa = PBXBuildFile; fileRef = 1995CD2B21A33928006774F0 /* Assets.xcassets */; };
		1995CD3A21A33928006774F0 /* CocktailTestTests.swift in Sources */ = {isa = PBXBuildFile; fileRef = 1995CD3921A33928006774F0 /* CocktailTestTests.swift */; };
		1995CD4521A33928006774F0 /* CocktailTestUITests.swift in Sources */ = {isa = PBXBuildFile; fileRef = 1995CD4421A33928006774F0 /* CocktailTestUITests.swift */; };
		1995CD5421A33AEB006774F0 /* CTCocktailCategoriesViewController.swift in Sources */ = {isa = PBXBuildFile; fileRef = 1995CD5221A33AEB006774F0 /* CTCocktailCategoriesViewController.swift */; };
		1995CD5521A33AEB006774F0 /* CTCocktailCategoriesViewController.xib in Resources */ = {isa = PBXBuildFile; fileRef = 1995CD5321A33AEB006774F0 /* CTCocktailCategoriesViewController.xib */; };
		1995CD5C21A33E20006774F0 /* CTCocktailCategoriesView.swift in Sources */ = {isa = PBXBuildFile; fileRef = 1995CD5B21A33E20006774F0 /* CTCocktailCategoriesView.swift */; };
		1995CD5E21A33E3D006774F0 /* CTCocktailCategoriesView.xib in Resources */ = {isa = PBXBuildFile; fileRef = 1995CD5D21A33E3D006774F0 /* CTCocktailCategoriesView.xib */; };
		1995CD6121A341B9006774F0 /* CTCocktailCategory.swift in Sources */ = {isa = PBXBuildFile; fileRef = 1995CD6021A341B9006774F0 /* CTCocktailCategory.swift */; };
		19DDA6B521A3469E00E37750 /* CTCategoriesList.swift in Sources */ = {isa = PBXBuildFile; fileRef = 19DDA6B421A3469E00E37750 /* CTCategoriesList.swift */; };
		19DDA6B721A34A0B00E37750 /* CTConstants.swift in Sources */ = {isa = PBXBuildFile; fileRef = 19DDA6B621A34A0B00E37750 /* CTConstants.swift */; };
		19DDA6BA21A34AB000E37750 /* CTAPI.swift in Sources */ = {isa = PBXBuildFile; fileRef = 19DDA6B921A34AB000E37750 /* CTAPI.swift */; };
		19DDA6BC21A34B5C00E37750 /* CTAPICocktail.swift in Sources */ = {isa = PBXBuildFile; fileRef = 19DDA6BB21A34B5C00E37750 /* CTAPICocktail.swift */; };
		19DDA6BE21A34EFB00E37750 /* CTCocktailCategoriesModel.swift in Sources */ = {isa = PBXBuildFile; fileRef = 19DDA6BD21A34EFB00E37750 /* CTCocktailCategoriesModel.swift */; };
		563928F785099CBCB9BEDFB0 /* Pods_CocktailTest.framework in Frameworks */ = {isa = PBXBuildFile; fileRef = F0CF8132E680C33CD8956785 /* Pods_CocktailTest.framework */; };
		87C63B8AED4CD079E459DFEF /* Pods_CocktailTestTests.framework in Frameworks */ = {isa = PBXBuildFile; fileRef = 7927B0C4C59E72B10A6742B5 /* Pods_CocktailTestTests.framework */; };
		C69BE12E21F4CAA000638821 /* CTDrinksViewController.xib in Resources */ = {isa = PBXBuildFile; fileRef = C69BE12D21F4CAA000638821 /* CTDrinksViewController.xib */; };
		C69BE13321F4CD9D00638821 /* CTDrinkTableViewCell.swift in Sources */ = {isa = PBXBuildFile; fileRef = C69BE13121F4CD9D00638821 /* CTDrinkTableViewCell.swift */; };
		C69BE13421F4CD9D00638821 /* CTDrinkTableViewCell.xib in Resources */ = {isa = PBXBuildFile; fileRef = C69BE13221F4CD9D00638821 /* CTDrinkTableViewCell.xib */; };
		C69BE13D21F4F63800638821 /* Resources.swift in Sources */ = {isa = PBXBuildFile; fileRef = C69BE13C21F4F63800638821 /* Resources.swift */; };
		C69BE14021F4F6B300638821 /* UIColorExtensions.swift in Sources */ = {isa = PBXBuildFile; fileRef = C69BE13F21F4F6B300638821 /* UIColorExtensions.swift */; };
		C69BE14221F4F6C800638821 /* Colors.swift in Sources */ = {isa = PBXBuildFile; fileRef = C69BE14121F4F6C800638821 /* Colors.swift */; };
		C69BE14421F5083700638821 /* LaunchScreen.storyboard in Resources */ = {isa = PBXBuildFile; fileRef = C69BE14321F5083700638821 /* LaunchScreen.storyboard */; };
		C6FCEFAD21F474AE008FC0A1 /* Drink.xcdatamodeld in Sources */ = {isa = PBXBuildFile; fileRef = C6FCEFAB21F474AE008FC0A1 /* Drink.xcdatamodeld */; };
		C6FCEFB121F47733008FC0A1 /* LocalDataSource.swift in Sources */ = {isa = PBXBuildFile; fileRef = C6FCEFB021F47733008FC0A1 /* LocalDataSource.swift */; };
		C6FCEFB421F47992008FC0A1 /* LocalDataSourceProtocol.swift in Sources */ = {isa = PBXBuildFile; fileRef = C6FCEFB321F47992008FC0A1 /* LocalDataSourceProtocol.swift */; };
		C6FCEFB921F4914F008FC0A1 /* CTDrinksView.xib in Resources */ = {isa = PBXBuildFile; fileRef = C6FCEFB821F4914F008FC0A1 /* CTDrinksView.xib */; };
		C6FCEFBB21F49162008FC0A1 /* CTDrinksView.swift in Sources */ = {isa = PBXBuildFile; fileRef = C6FCEFBA21F49162008FC0A1 /* CTDrinksView.swift */; };
		C6FCEFC021F492A9008FC0A1 /* CTDrinksViewController.swift in Sources */ = {isa = PBXBuildFile; fileRef = C6FCEFBF21F492A9008FC0A1 /* CTDrinksViewController.swift */; };
		C6FCEFC321F497E3008FC0A1 /* CTDrinksModel.swift in Sources */ = {isa = PBXBuildFile; fileRef = C6FCEFC221F497E3008FC0A1 /* CTDrinksModel.swift */; };
		C6FCEFC521F49851008FC0A1 /* CTDrinkCategory.swift in Sources */ = {isa = PBXBuildFile; fileRef = C6FCEFC421F49851008FC0A1 /* CTDrinkCategory.swift */; };
		C6FCEFC921F49A24008FC0A1 /* CTDrink.swift in Sources */ = {isa = PBXBuildFile; fileRef = C6FCEFC821F49A24008FC0A1 /* CTDrink.swift */; };
		C6FCEFCB21F49B81008FC0A1 /* CTDrinksList.swift in Sources */ = {isa = PBXBuildFile; fileRef = C6FCEFCA21F49B81008FC0A1 /* CTDrinksList.swift */; };
/* End PBXBuildFile section */

/* Begin PBXContainerItemProxy section */
		1995CD3621A33928006774F0 /* PBXContainerItemProxy */ = {
			isa = PBXContainerItemProxy;
			containerPortal = 1995CD1921A33927006774F0 /* Project object */;
			proxyType = 1;
			remoteGlobalIDString = 1995CD2021A33927006774F0;
			remoteInfo = CocktailTest;
		};
		1995CD4121A33928006774F0 /* PBXContainerItemProxy */ = {
			isa = PBXContainerItemProxy;
			containerPortal = 1995CD1921A33927006774F0 /* Project object */;
			proxyType = 1;
			remoteGlobalIDString = 1995CD2021A33927006774F0;
			remoteInfo = CocktailTest;
		};
/* End PBXContainerItemProxy section */

/* Begin PBXFileReference section */
		058327ACBE8D971557F17AF2 /* Pods-CocktailTestTests.debug.xcconfig */ = {isa = PBXFileReference; includeInIndex = 1; lastKnownFileType = text.xcconfig; name = "Pods-CocktailTestTests.debug.xcconfig"; path = "Pods/Target Support Files/Pods-CocktailTestTests/Pods-CocktailTestTests.debug.xcconfig"; sourceTree = "<group>"; };
		08F87699C3361C8EA5970E5E /* Pods-CocktailTest.debug.xcconfig */ = {isa = PBXFileReference; includeInIndex = 1; lastKnownFileType = text.xcconfig; name = "Pods-CocktailTest.debug.xcconfig"; path = "Pods/Target Support Files/Pods-CocktailTest/Pods-CocktailTest.debug.xcconfig"; sourceTree = "<group>"; };
		1995CD2121A33927006774F0 /* CocktailTest.app */ = {isa = PBXFileReference; explicitFileType = wrapper.application; includeInIndex = 0; path = CocktailTest.app; sourceTree = BUILT_PRODUCTS_DIR; };
		1995CD2421A33927006774F0 /* AppDelegate.swift */ = {isa = PBXFileReference; lastKnownFileType = sourcecode.swift; path = AppDelegate.swift; sourceTree = "<group>"; };
		1995CD2B21A33928006774F0 /* Assets.xcassets */ = {isa = PBXFileReference; lastKnownFileType = folder.assetcatalog; path = Assets.xcassets; sourceTree = "<group>"; };
		1995CD3021A33928006774F0 /* Info.plist */ = {isa = PBXFileReference; lastKnownFileType = text.plist.xml; path = Info.plist; sourceTree = "<group>"; };
		1995CD3521A33928006774F0 /* CocktailTestTests.xctest */ = {isa = PBXFileReference; explicitFileType = wrapper.cfbundle; includeInIndex = 0; path = CocktailTestTests.xctest; sourceTree = BUILT_PRODUCTS_DIR; };
		1995CD3921A33928006774F0 /* CocktailTestTests.swift */ = {isa = PBXFileReference; lastKnownFileType = sourcecode.swift; path = CocktailTestTests.swift; sourceTree = "<group>"; };
		1995CD3B21A33928006774F0 /* Info.plist */ = {isa = PBXFileReference; lastKnownFileType = text.plist.xml; path = Info.plist; sourceTree = "<group>"; };
		1995CD4021A33928006774F0 /* CocktailTestUITests.xctest */ = {isa = PBXFileReference; explicitFileType = wrapper.cfbundle; includeInIndex = 0; path = CocktailTestUITests.xctest; sourceTree = BUILT_PRODUCTS_DIR; };
		1995CD4421A33928006774F0 /* CocktailTestUITests.swift */ = {isa = PBXFileReference; lastKnownFileType = sourcecode.swift; path = CocktailTestUITests.swift; sourceTree = "<group>"; };
		1995CD4621A33928006774F0 /* Info.plist */ = {isa = PBXFileReference; lastKnownFileType = text.plist.xml; path = Info.plist; sourceTree = "<group>"; };
		1995CD5221A33AEB006774F0 /* CTCocktailCategoriesViewController.swift */ = {isa = PBXFileReference; lastKnownFileType = sourcecode.swift; path = CTCocktailCategoriesViewController.swift; sourceTree = "<group>"; };
		1995CD5321A33AEB006774F0 /* CTCocktailCategoriesViewController.xib */ = {isa = PBXFileReference; lastKnownFileType = file.xib; path = CTCocktailCategoriesViewController.xib; sourceTree = "<group>"; };
		1995CD5B21A33E20006774F0 /* CTCocktailCategoriesView.swift */ = {isa = PBXFileReference; lastKnownFileType = sourcecode.swift; path = CTCocktailCategoriesView.swift; sourceTree = "<group>"; };
		1995CD5D21A33E3D006774F0 /* CTCocktailCategoriesView.xib */ = {isa = PBXFileReference; lastKnownFileType = file.xib; path = CTCocktailCategoriesView.xib; sourceTree = "<group>"; };
		1995CD6021A341B9006774F0 /* CTCocktailCategory.swift */ = {isa = PBXFileReference; lastKnownFileType = sourcecode.swift; path = CTCocktailCategory.swift; sourceTree = "<group>"; };
		19DDA6B421A3469E00E37750 /* CTCategoriesList.swift */ = {isa = PBXFileReference; lastKnownFileType = sourcecode.swift; path = CTCategoriesList.swift; sourceTree = "<group>"; };
		19DDA6B621A34A0B00E37750 /* CTConstants.swift */ = {isa = PBXFileReference; lastKnownFileType = sourcecode.swift; path = CTConstants.swift; sourceTree = "<group>"; };
		19DDA6B921A34AB000E37750 /* CTAPI.swift */ = {isa = PBXFileReference; lastKnownFileType = sourcecode.swift; path = CTAPI.swift; sourceTree = "<group>"; };
		19DDA6BB21A34B5C00E37750 /* CTAPICocktail.swift */ = {isa = PBXFileReference; lastKnownFileType = sourcecode.swift; path = CTAPICocktail.swift; sourceTree = "<group>"; };
		19DDA6BD21A34EFB00E37750 /* CTCocktailCategoriesModel.swift */ = {isa = PBXFileReference; lastKnownFileType = sourcecode.swift; path = CTCocktailCategoriesModel.swift; sourceTree = "<group>"; };
		3C7F5AB49281969FCF72E408 /* Pods-CocktailTest.release.xcconfig */ = {isa = PBXFileReference; includeInIndex = 1; lastKnownFileType = text.xcconfig; name = "Pods-CocktailTest.release.xcconfig"; path = "Pods/Target Support Files/Pods-CocktailTest/Pods-CocktailTest.release.xcconfig"; sourceTree = "<group>"; };
		7927B0C4C59E72B10A6742B5 /* Pods_CocktailTestTests.framework */ = {isa = PBXFileReference; explicitFileType = wrapper.framework; includeInIndex = 0; path = Pods_CocktailTestTests.framework; sourceTree = BUILT_PRODUCTS_DIR; };
		A0BC5D150BFF3648243D9519 /* Pods-CocktailTestTests.release.xcconfig */ = {isa = PBXFileReference; includeInIndex = 1; lastKnownFileType = text.xcconfig; name = "Pods-CocktailTestTests.release.xcconfig"; path = "Pods/Target Support Files/Pods-CocktailTestTests/Pods-CocktailTestTests.release.xcconfig"; sourceTree = "<group>"; };
		C69BE12D21F4CAA000638821 /* CTDrinksViewController.xib */ = {isa = PBXFileReference; fileEncoding = 4; lastKnownFileType = file.xib; path = CTDrinksViewController.xib; sourceTree = "<group>"; };
		C69BE13121F4CD9D00638821 /* CTDrinkTableViewCell.swift */ = {isa = PBXFileReference; lastKnownFileType = sourcecode.swift; path = CTDrinkTableViewCell.swift; sourceTree = "<group>"; };
		C69BE13221F4CD9D00638821 /* CTDrinkTableViewCell.xib */ = {isa = PBXFileReference; lastKnownFileType = file.xib; path = CTDrinkTableViewCell.xib; sourceTree = "<group>"; };
		C69BE13C21F4F63800638821 /* Resources.swift */ = {isa = PBXFileReference; lastKnownFileType = sourcecode.swift; path = Resources.swift; sourceTree = "<group>"; };
		C69BE13F21F4F6B300638821 /* UIColorExtensions.swift */ = {isa = PBXFileReference; lastKnownFileType = sourcecode.swift; path = UIColorExtensions.swift; sourceTree = "<group>"; };
		C69BE14121F4F6C800638821 /* Colors.swift */ = {isa = PBXFileReference; lastKnownFileType = sourcecode.swift; path = Colors.swift; sourceTree = "<group>"; };
		C69BE14321F5083700638821 /* LaunchScreen.storyboard */ = {isa = PBXFileReference; lastKnownFileType = file.storyboard; path = LaunchScreen.storyboard; sourceTree = "<group>"; };
		C6FCEFAC21F474AE008FC0A1 /* Drink.xcdatamodel */ = {isa = PBXFileReference; lastKnownFileType = wrapper.xcdatamodel; path = Drink.xcdatamodel; sourceTree = "<group>"; };
		C6FCEFB021F47733008FC0A1 /* LocalDataSource.swift */ = {isa = PBXFileReference; lastKnownFileType = sourcecode.swift; path = LocalDataSource.swift; sourceTree = "<group>"; };
		C6FCEFB321F47992008FC0A1 /* LocalDataSourceProtocol.swift */ = {isa = PBXFileReference; lastKnownFileType = sourcecode.swift; path = LocalDataSourceProtocol.swift; sourceTree = "<group>"; };
		C6FCEFB821F4914F008FC0A1 /* CTDrinksView.xib */ = {isa = PBXFileReference; lastKnownFileType = file.xib; path = CTDrinksView.xib; sourceTree = "<group>"; };
		C6FCEFBA21F49162008FC0A1 /* CTDrinksView.swift */ = {isa = PBXFileReference; lastKnownFileType = sourcecode.swift; path = CTDrinksView.swift; sourceTree = "<group>"; };
		C6FCEFBF21F492A9008FC0A1 /* CTDrinksViewController.swift */ = {isa = PBXFileReference; lastKnownFileType = sourcecode.swift; path = CTDrinksViewController.swift; sourceTree = "<group>"; };
		C6FCEFC221F497E3008FC0A1 /* CTDrinksModel.swift */ = {isa = PBXFileReference; lastKnownFileType = sourcecode.swift; path = CTDrinksModel.swift; sourceTree = "<group>"; };
		C6FCEFC421F49851008FC0A1 /* CTDrinkCategory.swift */ = {isa = PBXFileReference; lastKnownFileType = sourcecode.swift; path = CTDrinkCategory.swift; sourceTree = "<group>"; };
		C6FCEFC821F49A24008FC0A1 /* CTDrink.swift */ = {isa = PBXFileReference; lastKnownFileType = sourcecode.swift; path = CTDrink.swift; sourceTree = "<group>"; };
		C6FCEFCA21F49B81008FC0A1 /* CTDrinksList.swift */ = {isa = PBXFileReference; lastKnownFileType = sourcecode.swift; path = CTDrinksList.swift; sourceTree = "<group>"; };
		F0CF8132E680C33CD8956785 /* Pods_CocktailTest.framework */ = {isa = PBXFileReference; explicitFileType = wrapper.framework; includeInIndex = 0; path = Pods_CocktailTest.framework; sourceTree = BUILT_PRODUCTS_DIR; };
/* End PBXFileReference section */

/* Begin PBXFrameworksBuildPhase section */
		1995CD1E21A33927006774F0 /* Frameworks */ = {
			isa = PBXFrameworksBuildPhase;
			buildActionMask = 2147483647;
			files = (
				563928F785099CBCB9BEDFB0 /* Pods_CocktailTest.framework in Frameworks */,
			);
			runOnlyForDeploymentPostprocessing = 0;
		};
		1995CD3221A33928006774F0 /* Frameworks */ = {
			isa = PBXFrameworksBuildPhase;
			buildActionMask = 2147483647;
			files = (
				87C63B8AED4CD079E459DFEF /* Pods_CocktailTestTests.framework in Frameworks */,
			);
			runOnlyForDeploymentPostprocessing = 0;
		};
		1995CD3D21A33928006774F0 /* Frameworks */ = {
			isa = PBXFrameworksBuildPhase;
			buildActionMask = 2147483647;
			files = (
			);
			runOnlyForDeploymentPostprocessing = 0;
		};
/* End PBXFrameworksBuildPhase section */

/* Begin PBXGroup section */
		1995CD1821A33927006774F0 = {
			isa = PBXGroup;
			children = (
				1995CD2321A33927006774F0 /* CocktailTest */,
				1995CD3821A33928006774F0 /* CocktailTestTests */,
				1995CD4321A33928006774F0 /* CocktailTestUITests */,
				1995CD2221A33927006774F0 /* Products */,
				90359892EFF697547A167A27 /* Pods */,
				69B1864BB28A4E5D0BD41CA6 /* Frameworks */,
			);
			sourceTree = "<group>";
		};
		1995CD2221A33927006774F0 /* Products */ = {
			isa = PBXGroup;
			children = (
				1995CD2121A33927006774F0 /* CocktailTest.app */,
				1995CD3521A33928006774F0 /* CocktailTestTests.xctest */,
				1995CD4021A33928006774F0 /* CocktailTestUITests.xctest */,
			);
			name = Products;
			sourceTree = "<group>";
		};
		1995CD2321A33927006774F0 /* CocktailTest */ = {
			isa = PBXGroup;
			children = (
				1995CD2421A33927006774F0 /* AppDelegate.swift */,
				19DDA6B321A344B000E37750 /* Model */,
				1995CD5F21A33E49006774F0 /* View */,
				1995CD5621A33AF1006774F0 /* Controller */,
				19DDA6B821A34A7F00E37750 /* Utils */,
				C69BE13E21F4F66700638821 /* Extensions */,
				19DDA6C221A3601200E37750 /* Resource */,
			);
			path = CocktailTest;
			sourceTree = "<group>";
		};
		1995CD3821A33928006774F0 /* CocktailTestTests */ = {
			isa = PBXGroup;
			children = (
				1995CD3921A33928006774F0 /* CocktailTestTests.swift */,
				1995CD3B21A33928006774F0 /* Info.plist */,
			);
			path = CocktailTestTests;
			sourceTree = "<group>";
		};
		1995CD4321A33928006774F0 /* CocktailTestUITests */ = {
			isa = PBXGroup;
			children = (
				1995CD4421A33928006774F0 /* CocktailTestUITests.swift */,
				1995CD4621A33928006774F0 /* Info.plist */,
			);
			path = CocktailTestUITests;
			sourceTree = "<group>";
		};
		1995CD5621A33AF1006774F0 /* Controller */ = {
			isa = PBXGroup;
			children = (
				19DDA6BF21A35F9E00E37750 /* Categories */,
				C6FCEFBC21F49270008FC0A1 /* Drinks */,
			);
			path = Controller;
			sourceTree = "<group>";
		};
		1995CD5F21A33E49006774F0 /* View */ = {
			isa = PBXGroup;
			children = (
				19DDA6C021A35FAE00E37750 /* Categories */,
				C6FCEFB721F490CC008FC0A1 /* Drinks */,
			);
			path = View;
			sourceTree = "<group>";
		};
		19DDA6B321A344B000E37750 /* Model */ = {
			isa = PBXGroup;
			children = (
				19DDA6B921A34AB000E37750 /* CTAPI.swift */,
				19DDA6BB21A34B5C00E37750 /* CTAPICocktail.swift */,
				19DDA6C121A35FD400E37750 /* Categories */,
				C6FCEFC121F497B1008FC0A1 /* Drinks */,
			);
			path = Model;
			sourceTree = "<group>";
		};
		19DDA6B821A34A7F00E37750 /* Utils */ = {
			isa = PBXGroup;
			children = (
				19DDA6B621A34A0B00E37750 /* CTConstants.swift */,
			);
			path = Utils;
			sourceTree = "<group>";
		};
		19DDA6BF21A35F9E00E37750 /* Categories */ = {
			isa = PBXGroup;
			children = (
				1995CD5221A33AEB006774F0 /* CTCocktailCategoriesViewController.swift */,
				1995CD5321A33AEB006774F0 /* CTCocktailCategoriesViewController.xib */,
			);
			path = Categories;
			sourceTree = "<group>";
		};
		19DDA6C021A35FAE00E37750 /* Categories */ = {
			isa = PBXGroup;
			children = (
				1995CD5B21A33E20006774F0 /* CTCocktailCategoriesView.swift */,
				1995CD5D21A33E3D006774F0 /* CTCocktailCategoriesView.xib */,
			);
			path = Categories;
			sourceTree = "<group>";
		};
		19DDA6C121A35FD400E37750 /* Categories */ = {
			isa = PBXGroup;
			children = (
				C6FCEFAE21F474C5008FC0A1 /* CoreData */,
				19DDA6B421A3469E00E37750 /* CTCategoriesList.swift */,
				1995CD6021A341B9006774F0 /* CTCocktailCategory.swift */,
				19DDA6BD21A34EFB00E37750 /* CTCocktailCategoriesModel.swift */,
			);
			path = Categories;
			sourceTree = "<group>";
		};
		19DDA6C221A3601200E37750 /* Resource */ = {
			isa = PBXGroup;
			children = (
				C69BE14321F5083700638821 /* LaunchScreen.storyboard */,
				1995CD2B21A33928006774F0 /* Assets.xcassets */,
				1995CD3021A33928006774F0 /* Info.plist */,
				C69BE13C21F4F63800638821 /* Resources.swift */,
				C69BE14121F4F6C800638821 /* Colors.swift */,
			);
			path = Resource;
			sourceTree = "<group>";
		};
		69B1864BB28A4E5D0BD41CA6 /* Frameworks */ = {
			isa = PBXGroup;
			children = (
				F0CF8132E680C33CD8956785 /* Pods_CocktailTest.framework */,
				7927B0C4C59E72B10A6742B5 /* Pods_CocktailTestTests.framework */,
			);
			name = Frameworks;
			sourceTree = "<group>";
		};
		90359892EFF697547A167A27 /* Pods */ = {
			isa = PBXGroup;
			children = (
				08F87699C3361C8EA5970E5E /* Pods-CocktailTest.debug.xcconfig */,
				3C7F5AB49281969FCF72E408 /* Pods-CocktailTest.release.xcconfig */,
				058327ACBE8D971557F17AF2 /* Pods-CocktailTestTests.debug.xcconfig */,
				A0BC5D150BFF3648243D9519 /* Pods-CocktailTestTests.release.xcconfig */,
			);
			name = Pods;
			sourceTree = "<group>";
		};
		C69BE13E21F4F66700638821 /* Extensions */ = {
			isa = PBXGroup;
			children = (
				C69BE13F21F4F6B300638821 /* UIColorExtensions.swift */,
			);
			path = Extensions;
			sourceTree = "<group>";
		};
		C6FCEFAE21F474C5008FC0A1 /* CoreData */ = {
			isa = PBXGroup;
			children = (
				C6FCEFAF21F47717008FC0A1 /* DataSource */,
				C6FCEFAB21F474AE008FC0A1 /* Drink.xcdatamodeld */,
			);
			path = CoreData;
			sourceTree = "<group>";
		};
		C6FCEFAF21F47717008FC0A1 /* DataSource */ = {
			isa = PBXGroup;
			children = (
				C6FCEFB221F4797C008FC0A1 /* Abstraction */,
				C6FCEFB021F47733008FC0A1 /* LocalDataSource.swift */,
			);
			path = DataSource;
			sourceTree = "<group>";
		};
		C6FCEFB221F4797C008FC0A1 /* Abstraction */ = {
			isa = PBXGroup;
			children = (
				C6FCEFB321F47992008FC0A1 /* LocalDataSourceProtocol.swift */,
			);
			path = Abstraction;
			sourceTree = "<group>";
		};
		C6FCEFB721F490CC008FC0A1 /* Drinks */ = {
			isa = PBXGroup;
			children = (
				C6FCEFBA21F49162008FC0A1 /* CTDrinksView.swift */,
				C6FCEFB821F4914F008FC0A1 /* CTDrinksView.xib */,
				C69BE13121F4CD9D00638821 /* CTDrinkTableViewCell.swift */,
				C69BE13221F4CD9D00638821 /* CTDrinkTableViewCell.xib */,
			);
			path = Drinks;
			sourceTree = "<group>";
		};
		C6FCEFBC21F49270008FC0A1 /* Drinks */ = {
			isa = PBXGroup;
			children = (
				C6FCEFBF21F492A9008FC0A1 /* CTDrinksViewController.swift */,
				C69BE12D21F4CAA000638821 /* CTDrinksViewController.xib */,
			);
			path = Drinks;
			sourceTree = "<group>";
		};
		C6FCEFC121F497B1008FC0A1 /* Drinks */ = {
			isa = PBXGroup;
			children = (
				C6FCEFCA21F49B81008FC0A1 /* CTDrinksList.swift */,
				C6FCEFC421F49851008FC0A1 /* CTDrinkCategory.swift */,
				C6FCEFC821F49A24008FC0A1 /* CTDrink.swift */,
				C6FCEFC221F497E3008FC0A1 /* CTDrinksModel.swift */,
			);
			path = Drinks;
			sourceTree = "<group>";
		};
/* End PBXGroup section */

/* Begin PBXNativeTarget section */
		1995CD2021A33927006774F0 /* CocktailTest */ = {
			isa = PBXNativeTarget;
			buildConfigurationList = 1995CD4921A33928006774F0 /* Build configuration list for PBXNativeTarget "CocktailTest" */;
			buildPhases = (
				DA271CCC5EEAEB9EF6784B44 /* [CP] Check Pods Manifest.lock */,
				1995CD1D21A33927006774F0 /* Sources */,
				1995CD1E21A33927006774F0 /* Frameworks */,
				1995CD1F21A33927006774F0 /* Resources */,
				6CECB0D1C44F96E2C70987F4 /* [CP] Embed Pods Frameworks */,
			);
			buildRules = (
			);
			dependencies = (
			);
			name = CocktailTest;
			productName = CocktailTest;
			productReference = 1995CD2121A33927006774F0 /* CocktailTest.app */;
			productType = "com.apple.product-type.application";
		};
		1995CD3421A33928006774F0 /* CocktailTestTests */ = {
			isa = PBXNativeTarget;
			buildConfigurationList = 1995CD4C21A33928006774F0 /* Build configuration list for PBXNativeTarget "CocktailTestTests" */;
			buildPhases = (
				A9DE3347AFF16CA3459DDEBA /* [CP] Check Pods Manifest.lock */,
				1995CD3121A33928006774F0 /* Sources */,
				1995CD3221A33928006774F0 /* Frameworks */,
				1995CD3321A33928006774F0 /* Resources */,
				E696C0BA13AB0D44DFAC0C7D /* [CP] Embed Pods Frameworks */,
			);
			buildRules = (
			);
			dependencies = (
				1995CD3721A33928006774F0 /* PBXTargetDependency */,
			);
			name = CocktailTestTests;
			productName = CocktailTestTests;
			productReference = 1995CD3521A33928006774F0 /* CocktailTestTests.xctest */;
			productType = "com.apple.product-type.bundle.unit-test";
		};
		1995CD3F21A33928006774F0 /* CocktailTestUITests */ = {
			isa = PBXNativeTarget;
			buildConfigurationList = 1995CD4F21A33928006774F0 /* Build configuration list for PBXNativeTarget "CocktailTestUITests" */;
			buildPhases = (
				1995CD3C21A33928006774F0 /* Sources */,
				1995CD3D21A33928006774F0 /* Frameworks */,
				1995CD3E21A33928006774F0 /* Resources */,
			);
			buildRules = (
			);
			dependencies = (
				1995CD4221A33928006774F0 /* PBXTargetDependency */,
			);
			name = CocktailTestUITests;
			productName = CocktailTestUITests;
			productReference = 1995CD4021A33928006774F0 /* CocktailTestUITests.xctest */;
			productType = "com.apple.product-type.bundle.ui-testing";
		};
/* End PBXNativeTarget section */

/* Begin PBXProject section */
		1995CD1921A33927006774F0 /* Project object */ = {
			isa = PBXProject;
			attributes = {
				LastSwiftUpdateCheck = 0940;
				LastUpgradeCheck = 0940;
				ORGANIZATIONNAME = "Daniel Moraleda";
				TargetAttributes = {
					1995CD2021A33927006774F0 = {
						CreatedOnToolsVersion = 9.4.1;
					};
					1995CD3421A33928006774F0 = {
						CreatedOnToolsVersion = 9.4.1;
						TestTargetID = 1995CD2021A33927006774F0;
					};
					1995CD3F21A33928006774F0 = {
						CreatedOnToolsVersion = 9.4.1;
						TestTargetID = 1995CD2021A33927006774F0;
					};
				};
			};
			buildConfigurationList = 1995CD1C21A33927006774F0 /* Build configuration list for PBXProject "CocktailTest" */;
			compatibilityVersion = "Xcode 9.3";
			developmentRegion = en;
			hasScannedForEncodings = 0;
			knownRegions = (
				en,
				Base,
			);
			mainGroup = 1995CD1821A33927006774F0;
			productRefGroup = 1995CD2221A33927006774F0 /* Products */;
			projectDirPath = "";
			projectRoot = "";
			targets = (
				1995CD2021A33927006774F0 /* CocktailTest */,
				1995CD3421A33928006774F0 /* CocktailTestTests */,
				1995CD3F21A33928006774F0 /* CocktailTestUITests */,
			);
		};
/* End PBXProject section */

/* Begin PBXResourcesBuildPhase section */
		1995CD1F21A33927006774F0 /* Resources */ = {
			isa = PBXResourcesBuildPhase;
			buildActionMask = 2147483647;
			files = (
				C69BE12E21F4CAA000638821 /* CTDrinksViewController.xib in Resources */,
				1995CD2C21A33928006774F0 /* Assets.xcassets in Resources */,
				1995CD5521A33AEB006774F0 /* CTCocktailCategoriesViewController.xib in Resources */,
				C6FCEFB921F4914F008FC0A1 /* CTDrinksView.xib in Resources */,
				C69BE14421F5083700638821 /* LaunchScreen.storyboard in Resources */,
				1995CD5E21A33E3D006774F0 /* CTCocktailCategoriesView.xib in Resources */,
				C69BE13421F4CD9D00638821 /* CTDrinkTableViewCell.xib in Resources */,
			);
			runOnlyForDeploymentPostprocessing = 0;
		};
		1995CD3321A33928006774F0 /* Resources */ = {
			isa = PBXResourcesBuildPhase;
			buildActionMask = 2147483647;
			files = (
			);
			runOnlyForDeploymentPostprocessing = 0;
		};
		1995CD3E21A33928006774F0 /* Resources */ = {
			isa = PBXResourcesBuildPhase;
			buildActionMask = 2147483647;
			files = (
			);
			runOnlyForDeploymentPostprocessing = 0;
		};
/* End PBXResourcesBuildPhase section */

/* Begin PBXShellScriptBuildPhase section */
		6CECB0D1C44F96E2C70987F4 /* [CP] Embed Pods Frameworks */ = {
			isa = PBXShellScriptBuildPhase;
			buildActionMask = 2147483647;
			files = (
			);
			inputPaths = (
				"${SRCROOT}/Pods/Target Support Files/Pods-CocktailTest/Pods-CocktailTest-frameworks.sh",
				"${BUILT_PRODUCTS_DIR}/Alamofire/Alamofire.framework",
				"${BUILT_PRODUCTS_DIR}/AlamofireImage/AlamofireImage.framework",
				"${BUILT_PRODUCTS_DIR}/Kingfisher/Kingfisher.framework",
				"${BUILT_PRODUCTS_DIR}/Unbox/Unbox.framework",
			);
			name = "[CP] Embed Pods Frameworks";
			outputPaths = (
				"${TARGET_BUILD_DIR}/${FRAMEWORKS_FOLDER_PATH}/Alamofire.framework",
				"${TARGET_BUILD_DIR}/${FRAMEWORKS_FOLDER_PATH}/AlamofireImage.framework",
				"${TARGET_BUILD_DIR}/${FRAMEWORKS_FOLDER_PATH}/Kingfisher.framework",
				"${TARGET_BUILD_DIR}/${FRAMEWORKS_FOLDER_PATH}/Unbox.framework",
			);
			runOnlyForDeploymentPostprocessing = 0;
			shellPath = /bin/sh;
			shellScript = "\"${SRCROOT}/Pods/Target Support Files/Pods-CocktailTest/Pods-CocktailTest-frameworks.sh\"\n";
			showEnvVarsInLog = 0;
		};
		A9DE3347AFF16CA3459DDEBA /* [CP] Check Pods Manifest.lock */ = {
			isa = PBXShellScriptBuildPhase;
			buildActionMask = 2147483647;
			files = (
			);
			inputFileListPaths = (
			);
			inputPaths = (
				"${PODS_PODFILE_DIR_PATH}/Podfile.lock",
				"${PODS_ROOT}/Manifest.lock",
			);
			name = "[CP] Check Pods Manifest.lock";
			outputFileListPaths = (
			);
			outputPaths = (
				"$(DERIVED_FILE_DIR)/Pods-CocktailTestTests-checkManifestLockResult.txt",
			);
			runOnlyForDeploymentPostprocessing = 0;
			shellPath = /bin/sh;
			shellScript = "diff \"${PODS_PODFILE_DIR_PATH}/Podfile.lock\" \"${PODS_ROOT}/Manifest.lock\" > /dev/null\nif [ $? != 0 ] ; then\n    # print error to STDERR\n    echo \"error: The sandbox is not in sync with the Podfile.lock. Run 'pod install' or update your CocoaPods installation.\" >&2\n    exit 1\nfi\n# This output is used by Xcode 'outputs' to avoid re-running this script phase.\necho \"SUCCESS\" > \"${SCRIPT_OUTPUT_FILE_0}\"\n";
			showEnvVarsInLog = 0;
		};
		DA271CCC5EEAEB9EF6784B44 /* [CP] Check Pods Manifest.lock */ = {
			isa = PBXShellScriptBuildPhase;
			buildActionMask = 2147483647;
			files = (
			);
			inputPaths = (
				"${PODS_PODFILE_DIR_PATH}/Podfile.lock",
				"${PODS_ROOT}/Manifest.lock",
			);
			name = "[CP] Check Pods Manifest.lock";
			outputPaths = (
				"$(DERIVED_FILE_DIR)/Pods-CocktailTest-checkManifestLockResult.txt",
			);
			runOnlyForDeploymentPostprocessing = 0;
			shellPath = /bin/sh;
			shellScript = "diff \"${PODS_PODFILE_DIR_PATH}/Podfile.lock\" \"${PODS_ROOT}/Manifest.lock\" > /dev/null\nif [ $? != 0 ] ; then\n    # print error to STDERR\n    echo \"error: The sandbox is not in sync with the Podfile.lock. Run 'pod install' or update your CocoaPods installation.\" >&2\n    exit 1\nfi\n# This output is used by Xcode 'outputs' to avoid re-running this script phase.\necho \"SUCCESS\" > \"${SCRIPT_OUTPUT_FILE_0}\"\n";
			showEnvVarsInLog = 0;
		};
		E696C0BA13AB0D44DFAC0C7D /* [CP] Embed Pods Frameworks */ = {
			isa = PBXShellScriptBuildPhase;
			buildActionMask = 2147483647;
			files = (
			);
			inputFileListPaths = (
			);
			inputPaths = (
				"${SRCROOT}/Pods/Target Support Files/Pods-CocktailTestTests/Pods-CocktailTestTests-frameworks.sh",
				"${BUILT_PRODUCTS_DIR}/Nimble/Nimble.framework",
				"${BUILT_PRODUCTS_DIR}/Quick/Quick.framework",
			);
			name = "[CP] Embed Pods Frameworks";
			outputFileListPaths = (
			);
			outputPaths = (
				"${TARGET_BUILD_DIR}/${FRAMEWORKS_FOLDER_PATH}/Nimble.framework",
				"${TARGET_BUILD_DIR}/${FRAMEWORKS_FOLDER_PATH}/Quick.framework",
			);
			runOnlyForDeploymentPostprocessing = 0;
			shellPath = /bin/sh;
			shellScript = "\"${SRCROOT}/Pods/Target Support Files/Pods-CocktailTestTests/Pods-CocktailTestTests-frameworks.sh\"\n";
			showEnvVarsInLog = 0;
		};
/* End PBXShellScriptBuildPhase section */

/* Begin PBXSourcesBuildPhase section */
		1995CD1D21A33927006774F0 /* Sources */ = {
			isa = PBXSourcesBuildPhase;
			buildActionMask = 2147483647;
			files = (
				1995CD2521A33927006774F0 /* AppDelegate.swift in Sources */,
				C69BE14221F4F6C800638821 /* Colors.swift in Sources */,
				19DDA6BE21A34EFB00E37750 /* CTCocktailCategoriesModel.swift in Sources */,
				C6FCEFCB21F49B81008FC0A1 /* CTDrinksList.swift in Sources */,
				C69BE13321F4CD9D00638821 /* CTDrinkTableViewCell.swift in Sources */,
				19DDA6BC21A34B5C00E37750 /* CTAPICocktail.swift in Sources */,
				C6FCEFC321F497E3008FC0A1 /* CTDrinksModel.swift in Sources */,
				1995CD5421A33AEB006774F0 /* CTCocktailCategoriesViewController.swift in Sources */,
				C6FCEFBB21F49162008FC0A1 /* CTDrinksView.swift in Sources */,
				C6FCEFB421F47992008FC0A1 /* LocalDataSourceProtocol.swift in Sources */,
				C6FCEFC921F49A24008FC0A1 /* CTDrink.swift in Sources */,
				C6FCEFAD21F474AE008FC0A1 /* Drink.xcdatamodeld in Sources */,
				1995CD6121A341B9006774F0 /* CTCocktailCategory.swift in Sources */,
				19DDA6BA21A34AB000E37750 /* CTAPI.swift in Sources */,
				C69BE13D21F4F63800638821 /* Resources.swift in Sources */,
				19DDA6B521A3469E00E37750 /* CTCategoriesList.swift in Sources */,
				C69BE14021F4F6B300638821 /* UIColorExtensions.swift in Sources */,
				C6FCEFC021F492A9008FC0A1 /* CTDrinksViewController.swift in Sources */,
				C6FCEFB121F47733008FC0A1 /* LocalDataSource.swift in Sources */,
				C6FCEFC521F49851008FC0A1 /* CTDrinkCategory.swift in Sources */,
				19DDA6B721A34A0B00E37750 /* CTConstants.swift in Sources */,
				1995CD5C21A33E20006774F0 /* CTCocktailCategoriesView.swift in Sources */,
			);
			runOnlyForDeploymentPostprocessing = 0;
		};
		1995CD3121A33928006774F0 /* Sources */ = {
			isa = PBXSourcesBuildPhase;
			buildActionMask = 2147483647;
			files = (
				1995CD3A21A33928006774F0 /* CocktailTestTests.swift in Sources */,
			);
			runOnlyForDeploymentPostprocessing = 0;
		};
		1995CD3C21A33928006774F0 /* Sources */ = {
			isa = PBXSourcesBuildPhase;
			buildActionMask = 2147483647;
			files = (
				1995CD4521A33928006774F0 /* CocktailTestUITests.swift in Sources */,
			);
			runOnlyForDeploymentPostprocessing = 0;
		};
/* End PBXSourcesBuildPhase section */

/* Begin PBXTargetDependency section */
		1995CD3721A33928006774F0 /* PBXTargetDependency */ = {
			isa = PBXTargetDependency;
			target = 1995CD2021A33927006774F0 /* CocktailTest */;
			targetProxy = 1995CD3621A33928006774F0 /* PBXContainerItemProxy */;
		};
		1995CD4221A33928006774F0 /* PBXTargetDependency */ = {
			isa = PBXTargetDependency;
			target = 1995CD2021A33927006774F0 /* CocktailTest */;
			targetProxy = 1995CD4121A33928006774F0 /* PBXContainerItemProxy */;
		};
/* End PBXTargetDependency section */

/* Begin XCBuildConfiguration section */
		1995CD4721A33928006774F0 /* Debug */ = {
			isa = XCBuildConfiguration;
			buildSettings = {
				ALWAYS_SEARCH_USER_PATHS = NO;
				CLANG_ANALYZER_NONNULL = YES;
				CLANG_ANALYZER_NUMBER_OBJECT_CONVERSION = YES_AGGRESSIVE;
				CLANG_CXX_LANGUAGE_STANDARD = "gnu++14";
				CLANG_CXX_LIBRARY = "libc++";
				CLANG_ENABLE_MODULES = YES;
				CLANG_ENABLE_OBJC_ARC = YES;
				CLANG_ENABLE_OBJC_WEAK = YES;
				CLANG_WARN_BLOCK_CAPTURE_AUTORELEASING = YES;
				CLANG_WARN_BOOL_CONVERSION = YES;
				CLANG_WARN_COMMA = YES;
				CLANG_WARN_CONSTANT_CONVERSION = YES;
				CLANG_WARN_DEPRECATED_OBJC_IMPLEMENTATIONS = YES;
				CLANG_WARN_DIRECT_OBJC_ISA_USAGE = YES_ERROR;
				CLANG_WARN_DOCUMENTATION_COMMENTS = YES;
				CLANG_WARN_EMPTY_BODY = YES;
				CLANG_WARN_ENUM_CONVERSION = YES;
				CLANG_WARN_INFINITE_RECURSION = YES;
				CLANG_WARN_INT_CONVERSION = YES;
				CLANG_WARN_NON_LITERAL_NULL_CONVERSION = YES;
				CLANG_WARN_OBJC_IMPLICIT_RETAIN_SELF = YES;
				CLANG_WARN_OBJC_LITERAL_CONVERSION = YES;
				CLANG_WARN_OBJC_ROOT_CLASS = YES_ERROR;
				CLANG_WARN_RANGE_LOOP_ANALYSIS = YES;
				CLANG_WARN_STRICT_PROTOTYPES = YES;
				CLANG_WARN_SUSPICIOUS_MOVE = YES;
				CLANG_WARN_UNGUARDED_AVAILABILITY = YES_AGGRESSIVE;
				CLANG_WARN_UNREACHABLE_CODE = YES;
				CLANG_WARN__DUPLICATE_METHOD_MATCH = YES;
				CODE_SIGN_IDENTITY = "iPhone Developer";
				COPY_PHASE_STRIP = NO;
				DEBUG_INFORMATION_FORMAT = dwarf;
				ENABLE_STRICT_OBJC_MSGSEND = YES;
				ENABLE_TESTABILITY = YES;
				GCC_C_LANGUAGE_STANDARD = gnu11;
				GCC_DYNAMIC_NO_PIC = NO;
				GCC_NO_COMMON_BLOCKS = YES;
				GCC_OPTIMIZATION_LEVEL = 0;
				GCC_PREPROCESSOR_DEFINITIONS = (
					"DEBUG=1",
					"$(inherited)",
				);
				GCC_WARN_64_TO_32_BIT_CONVERSION = YES;
				GCC_WARN_ABOUT_RETURN_TYPE = YES_ERROR;
				GCC_WARN_UNDECLARED_SELECTOR = YES;
				GCC_WARN_UNINITIALIZED_AUTOS = YES_AGGRESSIVE;
				GCC_WARN_UNUSED_FUNCTION = YES;
				GCC_WARN_UNUSED_VARIABLE = YES;
				IPHONEOS_DEPLOYMENT_TARGET = 11.4;
				MTL_ENABLE_DEBUG_INFO = YES;
				ONLY_ACTIVE_ARCH = YES;
				SDKROOT = iphoneos;
				SWIFT_ACTIVE_COMPILATION_CONDITIONS = DEBUG;
				SWIFT_OPTIMIZATION_LEVEL = "-Onone";
			};
			name = Debug;
		};
		1995CD4821A33928006774F0 /* Release */ = {
			isa = XCBuildConfiguration;
			buildSettings = {
				ALWAYS_SEARCH_USER_PATHS = NO;
				CLANG_ANALYZER_NONNULL = YES;
				CLANG_ANALYZER_NUMBER_OBJECT_CONVERSION = YES_AGGRESSIVE;
				CLANG_CXX_LANGUAGE_STANDARD = "gnu++14";
				CLANG_CXX_LIBRARY = "libc++";
				CLANG_ENABLE_MODULES = YES;
				CLANG_ENABLE_OBJC_ARC = YES;
				CLANG_ENABLE_OBJC_WEAK = YES;
				CLANG_WARN_BLOCK_CAPTURE_AUTORELEASING = YES;
				CLANG_WARN_BOOL_CONVERSION = YES;
				CLANG_WARN_COMMA = YES;
				CLANG_WARN_CONSTANT_CONVERSION = YES;
				CLANG_WARN_DEPRECATED_OBJC_IMPLEMENTATIONS = YES;
				CLANG_WARN_DIRECT_OBJC_ISA_USAGE = YES_ERROR;
				CLANG_WARN_DOCUMENTATION_COMMENTS = YES;
				CLANG_WARN_EMPTY_BODY = YES;
				CLANG_WARN_ENUM_CONVERSION = YES;
				CLANG_WARN_INFINITE_RECURSION = YES;
				CLANG_WARN_INT_CONVERSION = YES;
				CLANG_WARN_NON_LITERAL_NULL_CONVERSION = YES;
				CLANG_WARN_OBJC_IMPLICIT_RETAIN_SELF = YES;
				CLANG_WARN_OBJC_LITERAL_CONVERSION = YES;
				CLANG_WARN_OBJC_ROOT_CLASS = YES_ERROR;
				CLANG_WARN_RANGE_LOOP_ANALYSIS = YES;
				CLANG_WARN_STRICT_PROTOTYPES = YES;
				CLANG_WARN_SUSPICIOUS_MOVE = YES;
				CLANG_WARN_UNGUARDED_AVAILABILITY = YES_AGGRESSIVE;
				CLANG_WARN_UNREACHABLE_CODE = YES;
				CLANG_WARN__DUPLICATE_METHOD_MATCH = YES;
				CODE_SIGN_IDENTITY = "iPhone Developer";
				COPY_PHASE_STRIP = NO;
				DEBUG_INFORMATION_FORMAT = "dwarf-with-dsym";
				ENABLE_NS_ASSERTIONS = NO;
				ENABLE_STRICT_OBJC_MSGSEND = YES;
				GCC_C_LANGUAGE_STANDARD = gnu11;
				GCC_NO_COMMON_BLOCKS = YES;
				GCC_WARN_64_TO_32_BIT_CONVERSION = YES;
				GCC_WARN_ABOUT_RETURN_TYPE = YES_ERROR;
				GCC_WARN_UNDECLARED_SELECTOR = YES;
				GCC_WARN_UNINITIALIZED_AUTOS = YES_AGGRESSIVE;
				GCC_WARN_UNUSED_FUNCTION = YES;
				GCC_WARN_UNUSED_VARIABLE = YES;
				IPHONEOS_DEPLOYMENT_TARGET = 11.4;
				MTL_ENABLE_DEBUG_INFO = NO;
				SDKROOT = iphoneos;
				SWIFT_COMPILATION_MODE = wholemodule;
				SWIFT_OPTIMIZATION_LEVEL = "-O";
				VALIDATE_PRODUCT = YES;
			};
			name = Release;
		};
		1995CD4A21A33928006774F0 /* Debug */ = {
			isa = XCBuildConfiguration;
			baseConfigurationReference = 08F87699C3361C8EA5970E5E /* Pods-CocktailTest.debug.xcconfig */;
			buildSettings = {
				ASSETCATALOG_COMPILER_APPICON_NAME = AppIcon;
				CODE_SIGN_IDENTITY = "iPhone Developer";
				CODE_SIGN_STYLE = Automatic;
				DEVELOPMENT_TEAM = 2GF85C9B94;
				INFOPLIST_FILE = CocktailTest/Resource/Info.plist;
				LD_RUNPATH_SEARCH_PATHS = (
					"$(inherited)",
					"@executable_path/Frameworks",
				);
				PRODUCT_BUNDLE_IDENTIFIER = com.cruz.CocktailTest;
				PRODUCT_NAME = "$(TARGET_NAME)";
				PROVISIONING_PROFILE_SPECIFIER = "";
				SWIFT_VERSION = 4.0;
				TARGETED_DEVICE_FAMILY = 1;
			};
			name = Debug;
		};
		1995CD4B21A33928006774F0 /* Release */ = {
			isa = XCBuildConfiguration;
			baseConfigurationReference = 3C7F5AB49281969FCF72E408 /* Pods-CocktailTest.release.xcconfig */;
			buildSettings = {
				ASSETCATALOG_COMPILER_APPICON_NAME = AppIcon;
				CODE_SIGN_IDENTITY = "iPhone Developer";
				CODE_SIGN_STYLE = Automatic;
				DEVELOPMENT_TEAM = 2GF85C9B94;
				INFOPLIST_FILE = CocktailTest/Resource/Info.plist;
				LD_RUNPATH_SEARCH_PATHS = (
					"$(inherited)",
					"@executable_path/Frameworks",
				);
				PRODUCT_BUNDLE_IDENTIFIER = com.cruz.CocktailTest;
				PRODUCT_NAME = "$(TARGET_NAME)";
				PROVISIONING_PROFILE_SPECIFIER = "";
				SWIFT_VERSION = 4.0;
				TARGETED_DEVICE_FAMILY = 1;
			};
			name = Release;
		};
		1995CD4D21A33928006774F0 /* Debug */ = {
			isa = XCBuildConfiguration;
			baseConfigurationReference = 058327ACBE8D971557F17AF2 /* Pods-CocktailTestTests.debug.xcconfig */;
			buildSettings = {
				ALWAYS_EMBED_SWIFT_STANDARD_LIBRARIES = YES;
				BUNDLE_LOADER = "$(TEST_HOST)";
				CODE_SIGN_STYLE = Automatic;
				DEVELOPMENT_TEAM = 2GF85C9B94;
				INFOPLIST_FILE = CocktailTestTests/Info.plist;
				LD_RUNPATH_SEARCH_PATHS = (
					"$(inherited)",
					"@executable_path/Frameworks",
					"@loader_path/Frameworks",
				);
				PRODUCT_BUNDLE_IDENTIFIER = com.cruz.moraleda.CocktailTestTests;
				PRODUCT_NAME = "$(TARGET_NAME)";
				SWIFT_VERSION = 4.0;
				TARGETED_DEVICE_FAMILY = "1,2";
				TEST_HOST = "$(BUILT_PRODUCTS_DIR)/CocktailTest.app/CocktailTest";
			};
			name = Debug;
		};
		1995CD4E21A33928006774F0 /* Release */ = {
			isa = XCBuildConfiguration;
			baseConfigurationReference = A0BC5D150BFF3648243D9519 /* Pods-CocktailTestTests.release.xcconfig */;
			buildSettings = {
				ALWAYS_EMBED_SWIFT_STANDARD_LIBRARIES = YES;
				BUNDLE_LOADER = "$(TEST_HOST)";
				CODE_SIGN_STYLE = Automatic;
				DEVELOPMENT_TEAM = 2GF85C9B94;
				INFOPLIST_FILE = CocktailTestTests/Info.plist;
				LD_RUNPATH_SEARCH_PATHS = (
					"$(inherited)",
					"@executable_path/Frameworks",
					"@loader_path/Frameworks",
				);
				PRODUCT_BUNDLE_IDENTIFIER = com.cruz.moraleda.CocktailTestTests;
				PRODUCT_NAME = "$(TARGET_NAME)";
				SWIFT_VERSION = 4.0;
				TARGETED_DEVICE_FAMILY = "1,2";
				TEST_HOST = "$(BUILT_PRODUCTS_DIR)/CocktailTest.app/CocktailTest";
			};
			name = Release;
		};
		1995CD5021A33928006774F0 /* Debug */ = {
			isa = XCBuildConfiguration;
			buildSettings = {
				ALWAYS_EMBED_SWIFT_STANDARD_LIBRARIES = YES;
				CODE_SIGN_STYLE = Automatic;
				DEVELOPMENT_TEAM = 2GF85C9B94;
				INFOPLIST_FILE = CocktailTestUITests/Info.plist;
				LD_RUNPATH_SEARCH_PATHS = (
					"$(inherited)",
					"@executable_path/Frameworks",
					"@loader_path/Frameworks",
				);
				PRODUCT_BUNDLE_IDENTIFIER = com.cruz.moraleda.CocktailTestUITests;
				PRODUCT_NAME = "$(TARGET_NAME)";
				SWIFT_VERSION = 4.0;
				TARGETED_DEVICE_FAMILY = "1,2";
				TEST_TARGET_NAME = CocktailTest;
			};
			name = Debug;
		};
		1995CD5121A33928006774F0 /* Release */ = {
			isa = XCBuildConfiguration;
			buildSettings = {
				ALWAYS_EMBED_SWIFT_STANDARD_LIBRARIES = YES;
				CODE_SIGN_STYLE = Automatic;
				DEVELOPMENT_TEAM = 2GF85C9B94;
				INFOPLIST_FILE = CocktailTestUITests/Info.plist;
				LD_RUNPATH_SEARCH_PATHS = (
					"$(inherited)",
					"@executable_path/Frameworks",
					"@loader_path/Frameworks",
				);
				PRODUCT_BUNDLE_IDENTIFIER = com.cruz.moraleda.CocktailTestUITests;
				PRODUCT_NAME = "$(TARGET_NAME)";
				SWIFT_VERSION = 4.0;
				TARGETED_DEVICE_FAMILY = "1,2";
				TEST_TARGET_NAME = CocktailTest;
			};
			name = Release;
		};
/* End XCBuildConfiguration section */

/* Begin XCConfigurationList section */
		1995CD1C21A33927006774F0 /* Build configuration list for PBXProject "CocktailTest" */ = {
			isa = XCConfigurationList;
			buildConfigurations = (
				1995CD4721A33928006774F0 /* Debug */,
				1995CD4821A33928006774F0 /* Release */,
			);
			defaultConfigurationIsVisible = 0;
			defaultConfigurationName = Release;
		};
		1995CD4921A33928006774F0 /* Build configuration list for PBXNativeTarget "CocktailTest" */ = {
			isa = XCConfigurationList;
			buildConfigurations = (
				1995CD4A21A33928006774F0 /* Debug */,
				1995CD4B21A33928006774F0 /* Release */,
			);
			defaultConfigurationIsVisible = 0;
			defaultConfigurationName = Release;
		};
		1995CD4C21A33928006774F0 /* Build configuration list for PBXNativeTarget "CocktailTestTests" */ = {
			isa = XCConfigurationList;
			buildConfigurations = (
				1995CD4D21A33928006774F0 /* Debug */,
				1995CD4E21A33928006774F0 /* Release */,
			);
			defaultConfigurationIsVisible = 0;
			defaultConfigurationName = Release;
		};
		1995CD4F21A33928006774F0 /* Build configuration list for PBXNativeTarget "CocktailTestUITests" */ = {
			isa = XCConfigurationList;
			buildConfigurations = (
				1995CD5021A33928006774F0 /* Debug */,
				1995CD5121A33928006774F0 /* Release */,
			);
			defaultConfigurationIsVisible = 0;
			defaultConfigurationName = Release;
		};
/* End XCConfigurationList section */

/* Begin XCVersionGroup section */
		C6FCEFAB21F474AE008FC0A1 /* Drink.xcdatamodeld */ = {
			isa = XCVersionGroup;
			children = (
				C6FCEFAC21F474AE008FC0A1 /* Drink.xcdatamodel */,
			);
			currentVersion = C6FCEFAC21F474AE008FC0A1 /* Drink.xcdatamodel */;
			path = Drink.xcdatamodeld;
			sourceTree = "<group>";
			versionGroupType = wrapper.xcdatamodel;
		};
/* End XCVersionGroup section */
	};
	rootObject = 1995CD1921A33927006774F0 /* Project object */;
}
